
Microsoft Visual Studio Solution File, Format Version 12.00
# Visual Studio 2013
VisualStudioVersion = 12.0.30501.0
MinimumVisualStudioVersion = 10.0.40219.1
Project("{E24C65DC-7377-472B-9ABA-BC803B73C61A}") = "Matera Arredamenti", "MA.Web\", "{48600333-950F-4C98-89BB-1C6E5A21F985}"
	ProjectSection(WebsiteProperties) = preProject
		TargetFrameworkMoniker = ".NETFramework,Version%3Dv3.5"
		ProjectReferences = "{884400f1-60bd-4e00-9272-30f1988365a2}|MagentoRepository.dll;"
		Debug.AspNetCompiler.VirtualPath = "/materarredamenti.it"
		Debug.AspNetCompiler.PhysicalPath = "MA.Web\"
		Debug.AspNetCompiler.TargetPath = "PrecompiledWeb\materarredamenti.it\"
		Debug.AspNetCompiler.Updateable = "true"
		Debug.AspNetCompiler.ForceOverwrite = "true"
		Debug.AspNetCompiler.FixedNames = "false"
		Debug.AspNetCompiler.Debug = "True"
		Release.AspNetCompiler.VirtualPath = "/materarredamenti.it"
		Release.AspNetCompiler.PhysicalPath = "MA.Web\"
		Release.AspNetCompiler.TargetPath = "PrecompiledWeb\materarredamenti.it\"
		Release.AspNetCompiler.Updateable = "true"
		Release.AspNetCompiler.ForceOverwrite = "true"
		Release.AspNetCompiler.FixedNames = "false"
		Release.AspNetCompiler.Debug = "False"
		VWDPort = "11410"
		SlnRelativePath = "MA.Web\"
	EndProjectSection
EndProject
Project("{FAE04EC0-301F-11D3-BF4B-00C04F79EFBC}") = "MagentoApi.Test", "ShopMagentoApi.Test\MagentoApi.Test.csproj", "{BE861516-9400-469F-96F3-8A8F4534EC9C}"
EndProject
Project("{FAE04EC0-301F-11D3-BF4B-00C04F79EFBC}") = "MagentoComunication", "MagentoRepository\MagentoComunication.csproj", "{884400F1-60BD-4E00-9272-30F1988365A2}"
EndProject
Global
	GlobalSection(SolutionConfigurationPlatforms) = preSolution
		Debug|.NET = Debug|.NET
		Debug|Any CPU = Debug|Any CPU
		Release|.NET = Release|.NET
		Release|Any CPU = Release|Any CPU
	EndGlobalSection
	GlobalSection(ProjectConfigurationPlatforms) = postSolution
		{48600333-950F-4C98-89BB-1C6E5A21F985}.Debug|.NET.ActiveCfg = Debug|Any CPU
		{48600333-950F-4C98-89BB-1C6E5A21F985}.Debug|Any CPU.ActiveCfg = Debug|Any CPU
		{48600333-950F-4C98-89BB-1C6E5A21F985}.Debug|Any CPU.Build.0 = Debug|Any CPU
		{48600333-950F-4C98-89BB-1C6E5A21F985}.Release|.NET.ActiveCfg = Debug|Any CPU
		{48600333-950F-4C98-89BB-1C6E5A21F985}.Release|Any CPU.ActiveCfg = Debug|Any CPU
		{48600333-950F-4C98-89BB-1C6E5A21F985}.Release|Any CPU.Build.0 = Debug|Any CPU
		{BE861516-9400-469F-96F3-8A8F4534EC9C}.Debug|.NET.ActiveCfg = Debug|Any CPU
		{BE861516-9400-469F-96F3-8A8F4534EC9C}.Debug|Any CPU.ActiveCfg = Debug|Any CPU
		{BE861516-9400-469F-96F3-8A8F4534EC9C}.Debug|Any CPU.Build.0 = Debug|Any CPU
		{BE861516-9400-469F-96F3-8A8F4534EC9C}.Release|.NET.ActiveCfg = Release|Any CPU
		{BE861516-9400-469F-96F3-8A8F4534EC9C}.Release|Any CPU.ActiveCfg = Release|Any CPU
		{BE861516-9400-469F-96F3-8A8F4534EC9C}.Release|Any CPU.Build.0 = Release|Any CPU
		{884400F1-60BD-4E00-9272-30F1988365A2}.Debug|.NET.ActiveCfg = Debug|Any CPU
		{884400F1-60BD-4E00-9272-30F1988365A2}.Debug|Any CPU.ActiveCfg = Debug|Any CPU
		{884400F1-60BD-4E00-9272-30F1988365A2}.Debug|Any CPU.Build.0 = Debug|Any CPU
		{884400F1-60BD-4E00-9272-30F1988365A2}.Release|.NET.ActiveCfg = Release|Any CPU
		{884400F1-60BD-4E00-9272-30F1988365A2}.Release|Any CPU.ActiveCfg = Release|Any CPU
		{884400F1-60BD-4E00-9272-30F1988365A2}.Release|Any CPU.Build.0 = Release|Any CPU
	EndGlobalSection
	GlobalSection(SolutionProperties) = preSolution
		HideSolutionNode = FALSE
	EndGlobalSection
EndGlobal
