
Microsoft Visual Studio Solution File, Format Version 10.00
# Visual Studio 2008
Project("{E24C65DC-7377-472B-9ABA-BC803B73C61A}") = "materarredamenti.it", ".", "{48600333-950F-4C98-89BB-1C6E5A21F985}"
	ProjectSection(WebsiteProperties) = preProject
		TargetFramework = "3.5"
		Debug.AspNetCompiler.VirtualPath = "/materarredamenti.it"
		Debug.AspNetCompiler.PhysicalPath = "..\materarredamenti.it\"
		Debug.AspNetCompiler.TargetPath = "PrecompiledWeb\materarredamenti.it\"
		Debug.AspNetCompiler.Updateable = "true"
		Debug.AspNetCompiler.ForceOverwrite = "true"
		Debug.AspNetCompiler.FixedNames = "false"
		Debug.AspNetCompiler.Debug = "True"
		Release.AspNetCompiler.VirtualPath = "/materarredamenti.it"
		Release.AspNetCompiler.PhysicalPath = "..\materarredamenti.it\"
		Release.AspNetCompiler.TargetPath = "PrecompiledWeb\materarredamenti.it\"
		Release.AspNetCompiler.Updateable = "true"
		Release.AspNetCompiler.ForceOverwrite = "true"
		Release.AspNetCompiler.FixedNames = "false"
		Release.AspNetCompiler.Debug = "False"
		VWDPort = "11410"
	EndProjectSection
EndProject
Global
	GlobalSection(SolutionConfigurationPlatforms) = preSolution
		Debug|.NET = Debug|.NET
		Debug|Any CPU = Debug|Any CPU
		Release|.NET = Release|.NET
		Release|Any CPU = Release|Any CPU
	EndGlobalSection
	GlobalSection(ProjectConfigurationPlatforms) = postSolution
		{48600333-950F-4C98-89BB-1C6E5A21F985}.Debug|.NET.ActiveCfg = Debug|.NET
		{48600333-950F-4C98-89BB-1C6E5A21F985}.Debug|.NET.Build.0 = Debug|.NET
		{48600333-950F-4C98-89BB-1C6E5A21F985}.Debug|Any CPU.ActiveCfg = Debug|Any CPU
		{48600333-950F-4C98-89BB-1C6E5A21F985}.Debug|Any CPU.Build.0 = Debug|Any CPU
		{48600333-950F-4C98-89BB-1C6E5A21F985}.Release|.NET.ActiveCfg = Debug|.NET
		{48600333-950F-4C98-89BB-1C6E5A21F985}.Release|.NET.Build.0 = Debug|.NET
		{48600333-950F-4C98-89BB-1C6E5A21F985}.Release|Any CPU.ActiveCfg = Debug|.NET
	EndGlobalSection
	GlobalSection(SolutionProperties) = preSolution
		HideSolutionNode = FALSE
	EndGlobalSection
EndGlobal
